
Microsoft Visual Studio Solution File, Format Version 11.00
# Visual Studio 2010
Project("{FAE04EC0-301F-11D3-BF4B-00C04F79EFBC}") = "Xamarin.Canvas", "Xamarin.Canvas\Xamarin.Canvas.csproj", "{2D733E54-4C10-4CEC-B34B-72EA016491A6}"
EndProject
Project("{FAE04EC0-301F-11D3-BF4B-00C04F79EFBC}") = "Xamarin.Canvas.Cairo", "Xamarin.Canvas.Cairo\Xamarin.Canvas.Cairo.csproj", "{B8C351D2-DB4E-40FF-8AD0-46AA9A1EB981}"
EndProject
Project("{FAE04EC0-301F-11D3-BF4B-00C04F79EFBC}") = "Xamarin.Canvas.Xwt", "Xamarin.Canvas.Xwt\Xamarin.Canvas.Xwt.csproj", "{019CD6FC-B1DB-4DBD-B1C8-23772B3F9C4D}"
EndProject
Project("{FAE04EC0-301F-11D3-BF4B-00C04F79EFBC}") = "Xamarin.Motion", "Xamarin.Animation\Xamarin.Motion.csproj", "{5DFD8243-3F95-48EB-BC87-00955F136D8F}"
EndProject
Project("{FAE04EC0-301F-11D3-BF4B-00C04F79EFBC}") = "Xamarin.Canvas.Gtk", "Xamarin.Canvas.Gtk\Xamarin.Canvas.Gtk.csproj", "{202F2F21-4B30-4AB4-AE01-22BB302CD16E}"
EndProject
Project("{FAE04EC0-301F-11D3-BF4B-00C04F79EFBC}") = "Xamarin.Canvas.Example", "Xamarin.Canvas.Example\Xamarin.Canvas.Example.csproj", "{8F93FFE9-AC8E-447B-9E63-70842070A7CB}"
EndProject
Project("{FAE04EC0-301F-11D3-BF4B-00C04F79EFBC}") = "Xamarin.Canvas.Mac", "Xamarin.Canvas.Mac\Xamarin.Canvas.Mac.csproj", "{B230077D-9C80-460A-89C1-C17DDEE53E8F}"
EndProject
Project("{FAE04EC0-301F-11D3-BF4B-00C04F79EFBC}") = "Xamarin.Canvas.iOS", "Xamarin.Canvas.iOS\Xamarin.Canvas.iOS.csproj", "{DD36008C-2F27-48F9-9E44-617645512E09}"
EndProject
Project("{FAE04EC0-301F-11D3-BF4B-00C04F79EFBC}") = "Xamarin.Canvas.iOS.Example", "Xamarin.Canvas.iOS.Example\Xamarin.Canvas.iOS.Example.csproj", "{1804239D-B898-4383-92B4-9CCD507414DE}"
EndProject
Project("{FAE04EC0-301F-11D3-BF4B-00C04F79EFBC}") = "Xamarin.Canvas.Android", "Xamarin.Canvas.Android\Xamarin.Canvas.Android.csproj", "{5823F573-4086-4379-BE46-C1A98A06512A}"
EndProject
Global
	GlobalSection(SolutionConfigurationPlatforms) = preSolution
		Debug|x86 = Debug|x86
		Release|x86 = Release|x86
		AppStore|x86 = AppStore|x86
		Debug|iPhoneSimulator = Debug|iPhoneSimulator
		Release|iPhoneSimulator = Release|iPhoneSimulator
		Debug|iPhone = Debug|iPhone
		Release|iPhone = Release|iPhone
		Ad-Hoc|iPhone = Ad-Hoc|iPhone
		AppStore|iPhone = AppStore|iPhone
	EndGlobalSection
	GlobalSection(ProjectConfigurationPlatforms) = postSolution
		{019CD6FC-B1DB-4DBD-B1C8-23772B3F9C4D}.Ad-Hoc|iPhone.ActiveCfg = Debug|x86
		{019CD6FC-B1DB-4DBD-B1C8-23772B3F9C4D}.Ad-Hoc|iPhone.Build.0 = Debug|x86
		{019CD6FC-B1DB-4DBD-B1C8-23772B3F9C4D}.AppStore|iPhone.ActiveCfg = Debug|x86
		{019CD6FC-B1DB-4DBD-B1C8-23772B3F9C4D}.AppStore|iPhone.Build.0 = Debug|x86
		{019CD6FC-B1DB-4DBD-B1C8-23772B3F9C4D}.AppStore|x86.ActiveCfg = Debug|x86
		{019CD6FC-B1DB-4DBD-B1C8-23772B3F9C4D}.AppStore|x86.Build.0 = Debug|x86
		{019CD6FC-B1DB-4DBD-B1C8-23772B3F9C4D}.Debug|iPhone.ActiveCfg = Debug|x86
		{019CD6FC-B1DB-4DBD-B1C8-23772B3F9C4D}.Debug|iPhone.Build.0 = Debug|x86
		{019CD6FC-B1DB-4DBD-B1C8-23772B3F9C4D}.Debug|iPhoneSimulator.ActiveCfg = Debug|x86
		{019CD6FC-B1DB-4DBD-B1C8-23772B3F9C4D}.Debug|iPhoneSimulator.Build.0 = Debug|x86
		{019CD6FC-B1DB-4DBD-B1C8-23772B3F9C4D}.Debug|x86.ActiveCfg = Debug|x86
		{019CD6FC-B1DB-4DBD-B1C8-23772B3F9C4D}.Debug|x86.Build.0 = Debug|x86
		{019CD6FC-B1DB-4DBD-B1C8-23772B3F9C4D}.Release|iPhone.ActiveCfg = Release|x86
		{019CD6FC-B1DB-4DBD-B1C8-23772B3F9C4D}.Release|iPhone.Build.0 = Release|x86
		{019CD6FC-B1DB-4DBD-B1C8-23772B3F9C4D}.Release|iPhoneSimulator.ActiveCfg = Release|x86
		{019CD6FC-B1DB-4DBD-B1C8-23772B3F9C4D}.Release|iPhoneSimulator.Build.0 = Release|x86
		{019CD6FC-B1DB-4DBD-B1C8-23772B3F9C4D}.Release|x86.ActiveCfg = Release|x86
		{019CD6FC-B1DB-4DBD-B1C8-23772B3F9C4D}.Release|x86.Build.0 = Release|x86
		{1804239D-B898-4383-92B4-9CCD507414DE}.Ad-Hoc|iPhone.ActiveCfg = Ad-Hoc|iPhone
		{1804239D-B898-4383-92B4-9CCD507414DE}.Ad-Hoc|iPhone.Build.0 = Ad-Hoc|iPhone
		{1804239D-B898-4383-92B4-9CCD507414DE}.AppStore|iPhone.ActiveCfg = AppStore|iPhone
		{1804239D-B898-4383-92B4-9CCD507414DE}.AppStore|iPhone.Build.0 = AppStore|iPhone
		{1804239D-B898-4383-92B4-9CCD507414DE}.AppStore|x86.ActiveCfg = AppStore|iPhone
		{1804239D-B898-4383-92B4-9CCD507414DE}.AppStore|x86.Build.0 = AppStore|iPhone
		{1804239D-B898-4383-92B4-9CCD507414DE}.Debug|iPhone.ActiveCfg = Debug|iPhone
		{1804239D-B898-4383-92B4-9CCD507414DE}.Debug|iPhone.Build.0 = Debug|iPhone
		{1804239D-B898-4383-92B4-9CCD507414DE}.Debug|iPhoneSimulator.ActiveCfg = Debug|iPhoneSimulator
		{1804239D-B898-4383-92B4-9CCD507414DE}.Debug|iPhoneSimulator.Build.0 = Debug|iPhoneSimulator
		{1804239D-B898-4383-92B4-9CCD507414DE}.Debug|x86.ActiveCfg = Debug|iPhoneSimulator
		{1804239D-B898-4383-92B4-9CCD507414DE}.Debug|x86.Build.0 = Debug|iPhoneSimulator
		{1804239D-B898-4383-92B4-9CCD507414DE}.Release|iPhone.ActiveCfg = Release|iPhone
		{1804239D-B898-4383-92B4-9CCD507414DE}.Release|iPhone.Build.0 = Release|iPhone
		{1804239D-B898-4383-92B4-9CCD507414DE}.Release|iPhoneSimulator.ActiveCfg = Release|iPhoneSimulator
		{1804239D-B898-4383-92B4-9CCD507414DE}.Release|iPhoneSimulator.Build.0 = Release|iPhoneSimulator
		{1804239D-B898-4383-92B4-9CCD507414DE}.Release|x86.ActiveCfg = Release|iPhoneSimulator
		{1804239D-B898-4383-92B4-9CCD507414DE}.Release|x86.Build.0 = Release|iPhoneSimulator
		{202F2F21-4B30-4AB4-AE01-22BB302CD16E}.Ad-Hoc|iPhone.ActiveCfg = Debug|Any CPU
		{202F2F21-4B30-4AB4-AE01-22BB302CD16E}.Ad-Hoc|iPhone.Build.0 = Debug|Any CPU
		{202F2F21-4B30-4AB4-AE01-22BB302CD16E}.AppStore|iPhone.ActiveCfg = Debug|Any CPU
		{202F2F21-4B30-4AB4-AE01-22BB302CD16E}.AppStore|iPhone.Build.0 = Debug|Any CPU
		{202F2F21-4B30-4AB4-AE01-22BB302CD16E}.AppStore|x86.ActiveCfg = Debug|Any CPU
		{202F2F21-4B30-4AB4-AE01-22BB302CD16E}.AppStore|x86.Build.0 = Debug|Any CPU
		{202F2F21-4B30-4AB4-AE01-22BB302CD16E}.Debug|iPhone.ActiveCfg = Debug|Any CPU
		{202F2F21-4B30-4AB4-AE01-22BB302CD16E}.Debug|iPhone.Build.0 = Debug|Any CPU
		{202F2F21-4B30-4AB4-AE01-22BB302CD16E}.Debug|iPhoneSimulator.ActiveCfg = Debug|Any CPU
		{202F2F21-4B30-4AB4-AE01-22BB302CD16E}.Debug|iPhoneSimulator.Build.0 = Debug|Any CPU
		{202F2F21-4B30-4AB4-AE01-22BB302CD16E}.Debug|x86.ActiveCfg = Debug|Any CPU
		{202F2F21-4B30-4AB4-AE01-22BB302CD16E}.Debug|x86.Build.0 = Debug|Any CPU
		{202F2F21-4B30-4AB4-AE01-22BB302CD16E}.Release|iPhone.ActiveCfg = Release|Any CPU
		{202F2F21-4B30-4AB4-AE01-22BB302CD16E}.Release|iPhone.Build.0 = Release|Any CPU
		{202F2F21-4B30-4AB4-AE01-22BB302CD16E}.Release|iPhoneSimulator.ActiveCfg = Release|Any CPU
		{202F2F21-4B30-4AB4-AE01-22BB302CD16E}.Release|iPhoneSimulator.Build.0 = Release|Any CPU
		{202F2F21-4B30-4AB4-AE01-22BB302CD16E}.Release|x86.ActiveCfg = Release|Any CPU
		{202F2F21-4B30-4AB4-AE01-22BB302CD16E}.Release|x86.Build.0 = Release|Any CPU
		{2D733E54-4C10-4CEC-B34B-72EA016491A6}.Ad-Hoc|iPhone.ActiveCfg = Debug|x86
		{2D733E54-4C10-4CEC-B34B-72EA016491A6}.Ad-Hoc|iPhone.Build.0 = Debug|x86
		{2D733E54-4C10-4CEC-B34B-72EA016491A6}.AppStore|iPhone.ActiveCfg = Debug|x86
		{2D733E54-4C10-4CEC-B34B-72EA016491A6}.AppStore|iPhone.Build.0 = Debug|x86
		{2D733E54-4C10-4CEC-B34B-72EA016491A6}.AppStore|x86.ActiveCfg = Debug|x86
		{2D733E54-4C10-4CEC-B34B-72EA016491A6}.AppStore|x86.Build.0 = Debug|x86
		{2D733E54-4C10-4CEC-B34B-72EA016491A6}.Debug|iPhone.ActiveCfg = Debug|x86
		{2D733E54-4C10-4CEC-B34B-72EA016491A6}.Debug|iPhone.Build.0 = Debug|x86
		{2D733E54-4C10-4CEC-B34B-72EA016491A6}.Debug|iPhoneSimulator.ActiveCfg = Debug|x86
		{2D733E54-4C10-4CEC-B34B-72EA016491A6}.Debug|iPhoneSimulator.Build.0 = Debug|x86
		{2D733E54-4C10-4CEC-B34B-72EA016491A6}.Debug|x86.ActiveCfg = Debug|x86
		{2D733E54-4C10-4CEC-B34B-72EA016491A6}.Debug|x86.Build.0 = Debug|x86
		{2D733E54-4C10-4CEC-B34B-72EA016491A6}.Release|iPhone.ActiveCfg = Release|x86
		{2D733E54-4C10-4CEC-B34B-72EA016491A6}.Release|iPhone.Build.0 = Release|x86
		{2D733E54-4C10-4CEC-B34B-72EA016491A6}.Release|iPhoneSimulator.ActiveCfg = Release|x86
		{2D733E54-4C10-4CEC-B34B-72EA016491A6}.Release|iPhoneSimulator.Build.0 = Release|x86
		{2D733E54-4C10-4CEC-B34B-72EA016491A6}.Release|x86.ActiveCfg = Release|x86
		{2D733E54-4C10-4CEC-B34B-72EA016491A6}.Release|x86.Build.0 = Release|x86
		{5823F573-4086-4379-BE46-C1A98A06512A}.Ad-Hoc|iPhone.ActiveCfg = Release|Any CPU
		{5823F573-4086-4379-BE46-C1A98A06512A}.Ad-Hoc|iPhone.Build.0 = Release|Any CPU
		{5823F573-4086-4379-BE46-C1A98A06512A}.AppStore|iPhone.ActiveCfg = Release|Any CPU
		{5823F573-4086-4379-BE46-C1A98A06512A}.AppStore|iPhone.Build.0 = Release|Any CPU
		{5823F573-4086-4379-BE46-C1A98A06512A}.AppStore|x86.ActiveCfg = Release|Any CPU
		{5823F573-4086-4379-BE46-C1A98A06512A}.AppStore|x86.Build.0 = Release|Any CPU
		{5823F573-4086-4379-BE46-C1A98A06512A}.Debug|iPhone.ActiveCfg = Debug|Any CPU
		{5823F573-4086-4379-BE46-C1A98A06512A}.Debug|iPhone.Build.0 = Debug|Any CPU
		{5823F573-4086-4379-BE46-C1A98A06512A}.Debug|iPhoneSimulator.ActiveCfg = Debug|Any CPU
		{5823F573-4086-4379-BE46-C1A98A06512A}.Debug|iPhoneSimulator.Build.0 = Debug|Any CPU
		{5823F573-4086-4379-BE46-C1A98A06512A}.Debug|x86.ActiveCfg = Debug|Any CPU
		{5823F573-4086-4379-BE46-C1A98A06512A}.Debug|x86.Build.0 = Debug|Any CPU
		{5823F573-4086-4379-BE46-C1A98A06512A}.Release|iPhone.ActiveCfg = Release|Any CPU
		{5823F573-4086-4379-BE46-C1A98A06512A}.Release|iPhone.Build.0 = Release|Any CPU
		{5823F573-4086-4379-BE46-C1A98A06512A}.Release|iPhoneSimulator.ActiveCfg = Release|Any CPU
		{5823F573-4086-4379-BE46-C1A98A06512A}.Release|iPhoneSimulator.Build.0 = Release|Any CPU
		{5823F573-4086-4379-BE46-C1A98A06512A}.Release|x86.ActiveCfg = Release|Any CPU
		{5823F573-4086-4379-BE46-C1A98A06512A}.Release|x86.Build.0 = Release|Any CPU
		{5DFD8243-3F95-48EB-BC87-00955F136D8F}.Ad-Hoc|iPhone.ActiveCfg = Debug|x86
		{5DFD8243-3F95-48EB-BC87-00955F136D8F}.Ad-Hoc|iPhone.Build.0 = Debug|x86
		{5DFD8243-3F95-48EB-BC87-00955F136D8F}.AppStore|iPhone.ActiveCfg = Debug|x86
		{5DFD8243-3F95-48EB-BC87-00955F136D8F}.AppStore|iPhone.Build.0 = Debug|x86
		{5DFD8243-3F95-48EB-BC87-00955F136D8F}.AppStore|x86.ActiveCfg = Debug|x86
		{5DFD8243-3F95-48EB-BC87-00955F136D8F}.AppStore|x86.Build.0 = Debug|x86
		{5DFD8243-3F95-48EB-BC87-00955F136D8F}.Debug|iPhone.ActiveCfg = Debug|x86
		{5DFD8243-3F95-48EB-BC87-00955F136D8F}.Debug|iPhone.Build.0 = Debug|x86
		{5DFD8243-3F95-48EB-BC87-00955F136D8F}.Debug|iPhoneSimulator.ActiveCfg = Debug|x86
		{5DFD8243-3F95-48EB-BC87-00955F136D8F}.Debug|iPhoneSimulator.Build.0 = Debug|x86
		{5DFD8243-3F95-48EB-BC87-00955F136D8F}.Debug|x86.ActiveCfg = Debug|x86
		{5DFD8243-3F95-48EB-BC87-00955F136D8F}.Debug|x86.Build.0 = Debug|x86
		{5DFD8243-3F95-48EB-BC87-00955F136D8F}.Release|iPhone.ActiveCfg = Release|x86
		{5DFD8243-3F95-48EB-BC87-00955F136D8F}.Release|iPhone.Build.0 = Release|x86
		{5DFD8243-3F95-48EB-BC87-00955F136D8F}.Release|iPhoneSimulator.ActiveCfg = Release|x86
		{5DFD8243-3F95-48EB-BC87-00955F136D8F}.Release|iPhoneSimulator.Build.0 = Release|x86
		{5DFD8243-3F95-48EB-BC87-00955F136D8F}.Release|x86.ActiveCfg = Release|x86
		{5DFD8243-3F95-48EB-BC87-00955F136D8F}.Release|x86.Build.0 = Release|x86
		{8F93FFE9-AC8E-447B-9E63-70842070A7CB}.Ad-Hoc|iPhone.ActiveCfg = Debug|x86
		{8F93FFE9-AC8E-447B-9E63-70842070A7CB}.Ad-Hoc|iPhone.Build.0 = Debug|x86
		{8F93FFE9-AC8E-447B-9E63-70842070A7CB}.AppStore|iPhone.ActiveCfg = Debug|x86
		{8F93FFE9-AC8E-447B-9E63-70842070A7CB}.AppStore|iPhone.Build.0 = Debug|x86
		{8F93FFE9-AC8E-447B-9E63-70842070A7CB}.AppStore|x86.ActiveCfg = Debug|x86
		{8F93FFE9-AC8E-447B-9E63-70842070A7CB}.AppStore|x86.Build.0 = Debug|x86
		{8F93FFE9-AC8E-447B-9E63-70842070A7CB}.Debug|iPhone.ActiveCfg = Debug|x86
		{8F93FFE9-AC8E-447B-9E63-70842070A7CB}.Debug|iPhone.Build.0 = Debug|x86
		{8F93FFE9-AC8E-447B-9E63-70842070A7CB}.Debug|iPhoneSimulator.ActiveCfg = Debug|x86
		{8F93FFE9-AC8E-447B-9E63-70842070A7CB}.Debug|iPhoneSimulator.Build.0 = Debug|x86
		{8F93FFE9-AC8E-447B-9E63-70842070A7CB}.Debug|x86.ActiveCfg = Debug|x86
		{8F93FFE9-AC8E-447B-9E63-70842070A7CB}.Debug|x86.Build.0 = Debug|x86
		{8F93FFE9-AC8E-447B-9E63-70842070A7CB}.Release|iPhone.ActiveCfg = Release|x86
		{8F93FFE9-AC8E-447B-9E63-70842070A7CB}.Release|iPhone.Build.0 = Release|x86
		{8F93FFE9-AC8E-447B-9E63-70842070A7CB}.Release|iPhoneSimulator.ActiveCfg = Release|x86
		{8F93FFE9-AC8E-447B-9E63-70842070A7CB}.Release|iPhoneSimulator.Build.0 = Release|x86
		{8F93FFE9-AC8E-447B-9E63-70842070A7CB}.Release|x86.ActiveCfg = Release|x86
		{8F93FFE9-AC8E-447B-9E63-70842070A7CB}.Release|x86.Build.0 = Release|x86
		{B230077D-9C80-460A-89C1-C17DDEE53E8F}.Ad-Hoc|iPhone.ActiveCfg = Debug|x86
		{B230077D-9C80-460A-89C1-C17DDEE53E8F}.Ad-Hoc|iPhone.Build.0 = Debug|x86
		{B230077D-9C80-460A-89C1-C17DDEE53E8F}.AppStore|iPhone.ActiveCfg = AppStore|x86
		{B230077D-9C80-460A-89C1-C17DDEE53E8F}.AppStore|iPhone.Build.0 = AppStore|x86
		{B230077D-9C80-460A-89C1-C17DDEE53E8F}.AppStore|x86.ActiveCfg = AppStore|x86
		{B230077D-9C80-460A-89C1-C17DDEE53E8F}.AppStore|x86.Build.0 = AppStore|x86
		{B230077D-9C80-460A-89C1-C17DDEE53E8F}.Debug|iPhone.ActiveCfg = Debug|x86
		{B230077D-9C80-460A-89C1-C17DDEE53E8F}.Debug|iPhone.Build.0 = Debug|x86
		{B230077D-9C80-460A-89C1-C17DDEE53E8F}.Debug|iPhoneSimulator.ActiveCfg = Debug|x86
		{B230077D-9C80-460A-89C1-C17DDEE53E8F}.Debug|iPhoneSimulator.Build.0 = Debug|x86
		{B230077D-9C80-460A-89C1-C17DDEE53E8F}.Debug|x86.ActiveCfg = Debug|x86
		{B230077D-9C80-460A-89C1-C17DDEE53E8F}.Debug|x86.Build.0 = Debug|x86
		{B230077D-9C80-460A-89C1-C17DDEE53E8F}.Release|iPhone.ActiveCfg = Release|x86
		{B230077D-9C80-460A-89C1-C17DDEE53E8F}.Release|iPhone.Build.0 = Release|x86
		{B230077D-9C80-460A-89C1-C17DDEE53E8F}.Release|iPhoneSimulator.ActiveCfg = Release|x86
		{B230077D-9C80-460A-89C1-C17DDEE53E8F}.Release|iPhoneSimulator.Build.0 = Release|x86
		{B230077D-9C80-460A-89C1-C17DDEE53E8F}.Release|x86.ActiveCfg = Release|x86
		{B8C351D2-DB4E-40FF-8AD0-46AA9A1EB981}.Ad-Hoc|iPhone.ActiveCfg = Debug|x86
		{B8C351D2-DB4E-40FF-8AD0-46AA9A1EB981}.Ad-Hoc|iPhone.Build.0 = Debug|x86
		{B8C351D2-DB4E-40FF-8AD0-46AA9A1EB981}.AppStore|iPhone.ActiveCfg = Debug|x86
		{B8C351D2-DB4E-40FF-8AD0-46AA9A1EB981}.AppStore|iPhone.Build.0 = Debug|x86
		{B8C351D2-DB4E-40FF-8AD0-46AA9A1EB981}.AppStore|x86.ActiveCfg = Debug|x86
		{B8C351D2-DB4E-40FF-8AD0-46AA9A1EB981}.AppStore|x86.Build.0 = Debug|x86
		{B8C351D2-DB4E-40FF-8AD0-46AA9A1EB981}.Debug|iPhone.ActiveCfg = Debug|x86
		{B8C351D2-DB4E-40FF-8AD0-46AA9A1EB981}.Debug|iPhone.Build.0 = Debug|x86
		{B8C351D2-DB4E-40FF-8AD0-46AA9A1EB981}.Debug|iPhoneSimulator.ActiveCfg = Debug|x86
		{B8C351D2-DB4E-40FF-8AD0-46AA9A1EB981}.Debug|iPhoneSimulator.Build.0 = Debug|x86
		{B8C351D2-DB4E-40FF-8AD0-46AA9A1EB981}.Debug|x86.ActiveCfg = Debug|x86
		{B8C351D2-DB4E-40FF-8AD0-46AA9A1EB981}.Debug|x86.Build.0 = Debug|x86
		{B8C351D2-DB4E-40FF-8AD0-46AA9A1EB981}.Release|iPhone.ActiveCfg = Release|x86
		{B8C351D2-DB4E-40FF-8AD0-46AA9A1EB981}.Release|iPhone.Build.0 = Release|x86
		{B8C351D2-DB4E-40FF-8AD0-46AA9A1EB981}.Release|iPhoneSimulator.ActiveCfg = Release|x86
		{B8C351D2-DB4E-40FF-8AD0-46AA9A1EB981}.Release|iPhoneSimulator.Build.0 = Release|x86
		{B8C351D2-DB4E-40FF-8AD0-46AA9A1EB981}.Release|x86.ActiveCfg = Release|x86
		{B8C351D2-DB4E-40FF-8AD0-46AA9A1EB981}.Release|x86.Build.0 = Release|x86
		{DD36008C-2F27-48F9-9E44-617645512E09}.Ad-Hoc|iPhone.ActiveCfg = Ad-Hoc|iPhone
		{DD36008C-2F27-48F9-9E44-617645512E09}.Ad-Hoc|iPhone.Build.0 = Ad-Hoc|iPhone
		{DD36008C-2F27-48F9-9E44-617645512E09}.AppStore|iPhone.ActiveCfg = AppStore|iPhone
		{DD36008C-2F27-48F9-9E44-617645512E09}.AppStore|iPhone.Build.0 = AppStore|iPhone
		{DD36008C-2F27-48F9-9E44-617645512E09}.AppStore|x86.ActiveCfg = AppStore|iPhone
		{DD36008C-2F27-48F9-9E44-617645512E09}.AppStore|x86.Build.0 = AppStore|iPhone
		{DD36008C-2F27-48F9-9E44-617645512E09}.Debug|iPhone.ActiveCfg = Debug|iPhone
		{DD36008C-2F27-48F9-9E44-617645512E09}.Debug|iPhone.Build.0 = Debug|iPhone
		{DD36008C-2F27-48F9-9E44-617645512E09}.Debug|iPhoneSimulator.ActiveCfg = Debug|iPhoneSimulator
		{DD36008C-2F27-48F9-9E44-617645512E09}.Debug|iPhoneSimulator.Build.0 = Debug|iPhoneSimulator
		{DD36008C-2F27-48F9-9E44-617645512E09}.Debug|x86.ActiveCfg = Debug|iPhoneSimulator
		{DD36008C-2F27-48F9-9E44-617645512E09}.Debug|x86.Build.0 = Debug|iPhoneSimulator
		{DD36008C-2F27-48F9-9E44-617645512E09}.Release|iPhone.ActiveCfg = Release|iPhone
		{DD36008C-2F27-48F9-9E44-617645512E09}.Release|iPhone.Build.0 = Release|iPhone
		{DD36008C-2F27-48F9-9E44-617645512E09}.Release|iPhoneSimulator.ActiveCfg = Release|iPhoneSimulator
		{DD36008C-2F27-48F9-9E44-617645512E09}.Release|iPhoneSimulator.Build.0 = Release|iPhoneSimulator
		{DD36008C-2F27-48F9-9E44-617645512E09}.Release|x86.ActiveCfg = Release|iPhoneSimulator
		{DD36008C-2F27-48F9-9E44-617645512E09}.Release|x86.Build.0 = Release|iPhoneSimulator
	EndGlobalSection
	GlobalSection(MonoDevelopProperties) = preSolution
		StartupItem = Xamarin.Canvas.Android\Xamarin.Canvas.Android.csproj
	EndGlobalSection
EndGlobal
